// !$*UTF8*$!
{
	archiveVersion = 1;
	classes = {
	};
	objectVersion = 56;
	objects = {

/* Begin PBXBuildFile section */
		3F2F0BA029CEE0C400A7EAE1 /* AppDelegate.swift in Sources */ = {isa = PBXBuildFile; fileRef = 3F2F0B9F29CEE0C400A7EAE1 /* AppDelegate.swift */; };
		3F2F0BA229CEE0C400A7EAE1 /* SceneDelegate.swift in Sources */ = {isa = PBXBuildFile; fileRef = 3F2F0BA129CEE0C400A7EAE1 /* SceneDelegate.swift */; };
		3F2F0BA429CEE0C400A7EAE1 /* ViewController.swift in Sources */ = {isa = PBXBuildFile; fileRef = 3F2F0BA329CEE0C400A7EAE1 /* ViewController.swift */; };
		3F2F0BA729CEE0C400A7EAE1 /* Main.storyboard in Resources */ = {isa = PBXBuildFile; fileRef = 3F2F0BA529CEE0C400A7EAE1 /* Main.storyboard */; };
		3F2F0BAA29CEE0C400A7EAE1 /* GitTesting.xcdatamodeld in Sources */ = {isa = PBXBuildFile; fileRef = 3F2F0BA829CEE0C400A7EAE1 /* GitTesting.xcdatamodeld */; };
		3F2F0BAC29CEE0C600A7EAE1 /* Assets.xcassets in Resources */ = {isa = PBXBuildFile; fileRef = 3F2F0BAB29CEE0C600A7EAE1 /* Assets.xcassets */; };
		3F2F0BAF29CEE0C600A7EAE1 /* LaunchScreen.storyboard in Resources */ = {isa = PBXBuildFile; fileRef = 3F2F0BAD29CEE0C600A7EAE1 /* LaunchScreen.storyboard */; };
		3F2F0BBA29CEE0C600A7EAE1 /* GitTestingTests.swift in Sources */ = {isa = PBXBuildFile; fileRef = 3F2F0BB929CEE0C600A7EAE1 /* GitTestingTests.swift */; };
		3F2F0BC429CEE0C600A7EAE1 /* GitTestingUITests.swift in Sources */ = {isa = PBXBuildFile; fileRef = 3F2F0BC329CEE0C600A7EAE1 /* GitTestingUITests.swift */; };
		3F2F0BC629CEE0C600A7EAE1 /* GitTestingUITestsLaunchTests.swift in Sources */ = {isa = PBXBuildFile; fileRef = 3F2F0BC529CEE0C600A7EAE1 /* GitTestingUITestsLaunchTests.swift */; };
		3F2F0BD329CEE4A000A7EAE1 /* FirstVC.swift in Sources */ = {isa = PBXBuildFile; fileRef = 3F2F0BD229CEE4A000A7EAE1 /* FirstVC.swift */; };
/* End PBXBuildFile section */

/* Begin PBXContainerItemProxy section */
		3F2F0BB629CEE0C600A7EAE1 /* PBXContainerItemProxy */ = {
			isa = PBXContainerItemProxy;
			containerPortal = 3F2F0B9429CEE0C400A7EAE1 /* Project object */;
			proxyType = 1;
			remoteGlobalIDString = 3F2F0B9B29CEE0C400A7EAE1;
			remoteInfo = GitTesting;
		};
		3F2F0BC029CEE0C600A7EAE1 /* PBXContainerItemProxy */ = {
			isa = PBXContainerItemProxy;
			containerPortal = 3F2F0B9429CEE0C400A7EAE1 /* Project object */;
			proxyType = 1;
			remoteGlobalIDString = 3F2F0B9B29CEE0C400A7EAE1;
			remoteInfo = GitTesting;
		};
/* End PBXContainerItemProxy section */

/* Begin PBXFileReference section */
		3F2F0B9C29CEE0C400A7EAE1 /* GitTesting.app */ = {isa = PBXFileReference; explicitFileType = wrapper.application; includeInIndex = 0; path = GitTesting.app; sourceTree = BUILT_PRODUCTS_DIR; };
		3F2F0B9F29CEE0C400A7EAE1 /* AppDelegate.swift */ = {isa = PBXFileReference; lastKnownFileType = sourcecode.swift; path = AppDelegate.swift; sourceTree = "<group>"; };
		3F2F0BA129CEE0C400A7EAE1 /* SceneDelegate.swift */ = {isa = PBXFileReference; lastKnownFileType = sourcecode.swift; path = SceneDelegate.swift; sourceTree = "<group>"; };
		3F2F0BA329CEE0C400A7EAE1 /* ViewController.swift */ = {isa = PBXFileReference; lastKnownFileType = sourcecode.swift; path = ViewController.swift; sourceTree = "<group>"; };
		3F2F0BA629CEE0C400A7EAE1 /* Base */ = {isa = PBXFileReference; lastKnownFileType = file.storyboard; name = Base; path = Base.lproj/Main.storyboard; sourceTree = "<group>"; };
		3F2F0BA929CEE0C400A7EAE1 /* GitTesting.xcdatamodel */ = {isa = PBXFileReference; lastKnownFileType = wrapper.xcdatamodel; path = GitTesting.xcdatamodel; sourceTree = "<group>"; };
		3F2F0BAB29CEE0C600A7EAE1 /* Assets.xcassets */ = {isa = PBXFileReference; lastKnownFileType = folder.assetcatalog; path = Assets.xcassets; sourceTree = "<group>"; };
		3F2F0BAE29CEE0C600A7EAE1 /* Base */ = {isa = PBXFileReference; lastKnownFileType = file.storyboard; name = Base; path = Base.lproj/LaunchScreen.storyboard; sourceTree = "<group>"; };
		3F2F0BB029CEE0C600A7EAE1 /* Info.plist */ = {isa = PBXFileReference; lastKnownFileType = text.plist.xml; path = Info.plist; sourceTree = "<group>"; };
		3F2F0BB529CEE0C600A7EAE1 /* GitTestingTests.xctest */ = {isa = PBXFileReference; explicitFileType = wrapper.cfbundle; includeInIndex = 0; path = GitTestingTests.xctest; sourceTree = BUILT_PRODUCTS_DIR; };
		3F2F0BB929CEE0C600A7EAE1 /* GitTestingTests.swift */ = {isa = PBXFileReference; lastKnownFileType = sourcecode.swift; path = GitTestingTests.swift; sourceTree = "<group>"; };
		3F2F0BBF29CEE0C600A7EAE1 /* GitTestingUITests.xctest */ = {isa = PBXFileReference; explicitFileType = wrapper.cfbundle; includeInIndex = 0; path = GitTestingUITests.xctest; sourceTree = BUILT_PRODUCTS_DIR; };
		3F2F0BC329CEE0C600A7EAE1 /* GitTestingUITests.swift */ = {isa = PBXFileReference; lastKnownFileType = sourcecode.swift; path = GitTestingUITests.swift; sourceTree = "<group>"; };
		3F2F0BC529CEE0C600A7EAE1 /* GitTestingUITestsLaunchTests.swift */ = {isa = PBXFileReference; lastKnownFileType = sourcecode.swift; path = GitTestingUITestsLaunchTests.swift; sourceTree = "<group>"; };
		3F2F0BD229CEE4A000A7EAE1 /* FirstVC.swift */ = {isa = PBXFileReference; lastKnownFileType = sourcecode.swift; path = FirstVC.swift; sourceTree = "<group>"; };
/* End PBXFileReference section */

/* Begin PBXFrameworksBuildPhase section */
		3F2F0B9929CEE0C400A7EAE1 /* Frameworks */ = {
			isa = PBXFrameworksBuildPhase;
			buildActionMask = 2147483647;
			files = (
			);
			runOnlyForDeploymentPostprocessing = 0;
		};
		3F2F0BB229CEE0C600A7EAE1 /* Frameworks */ = {
			isa = PBXFrameworksBuildPhase;
			buildActionMask = 2147483647;
			files = (
			);
			runOnlyForDeploymentPostprocessing = 0;
		};
		3F2F0BBC29CEE0C600A7EAE1 /* Frameworks */ = {
			isa = PBXFrameworksBuildPhase;
			buildActionMask = 2147483647;
			files = (
			);
			runOnlyForDeploymentPostprocessing = 0;
		};
/* End PBXFrameworksBuildPhase section */

/* Begin PBXGroup section */
		3F2F0B9329CEE0C400A7EAE1 = {
			isa = PBXGroup;
			children = (
				3F2F0B9E29CEE0C400A7EAE1 /* GitTesting */,
				3F2F0BB829CEE0C600A7EAE1 /* GitTestingTests */,
				3F2F0BC229CEE0C600A7EAE1 /* GitTestingUITests */,
				3F2F0B9D29CEE0C400A7EAE1 /* Products */,
			);
			sourceTree = "<group>";
		};
		3F2F0B9D29CEE0C400A7EAE1 /* Products */ = {
			isa = PBXGroup;
			children = (
				3F2F0B9C29CEE0C400A7EAE1 /* GitTesting.app */,
				3F2F0BB529CEE0C600A7EAE1 /* GitTestingTests.xctest */,
				3F2F0BBF29CEE0C600A7EAE1 /* GitTestingUITests.xctest */,
			);
			name = Products;
			sourceTree = "<group>";
		};
		3F2F0B9E29CEE0C400A7EAE1 /* GitTesting */ = {
			isa = PBXGroup;
			children = (
				3F2F0B9F29CEE0C400A7EAE1 /* AppDelegate.swift */,
				3F2F0BD229CEE4A000A7EAE1 /* FirstVC.swift */,
				3F2F0BA129CEE0C400A7EAE1 /* SceneDelegate.swift */,
				3F2F0BA329CEE0C400A7EAE1 /* ViewController.swift */,
				3F2F0BA529CEE0C400A7EAE1 /* Main.storyboard */,
				3F2F0BAB29CEE0C600A7EAE1 /* Assets.xcassets */,
				3F2F0BAD29CEE0C600A7EAE1 /* LaunchScreen.storyboard */,
				3F2F0BB029CEE0C600A7EAE1 /* Info.plist */,
				3F2F0BA829CEE0C400A7EAE1 /* GitTesting.xcdatamodeld */,
			);
			path = GitTesting;
			sourceTree = "<group>";
		};
		3F2F0BB829CEE0C600A7EAE1 /* GitTestingTests */ = {
			isa = PBXGroup;
			children = (
				3F2F0BB929CEE0C600A7EAE1 /* GitTestingTests.swift */,
			);
			path = GitTestingTests;
			sourceTree = "<group>";
		};
		3F2F0BC229CEE0C600A7EAE1 /* GitTestingUITests */ = {
			isa = PBXGroup;
			children = (
				3F2F0BC329CEE0C600A7EAE1 /* GitTestingUITests.swift */,
				3F2F0BC529CEE0C600A7EAE1 /* GitTestingUITestsLaunchTests.swift */,
			);
			path = GitTestingUITests;
			sourceTree = "<group>";
		};
/* End PBXGroup section */

/* Begin PBXNativeTarget section */
		3F2F0B9B29CEE0C400A7EAE1 /* GitTesting */ = {
			isa = PBXNativeTarget;
			buildConfigurationList = 3F2F0BC929CEE0C600A7EAE1 /* Build configuration list for PBXNativeTarget "GitTesting" */;
			buildPhases = (
				3F2F0B9829CEE0C400A7EAE1 /* Sources */,
				3F2F0B9929CEE0C400A7EAE1 /* Frameworks */,
				3F2F0B9A29CEE0C400A7EAE1 /* Resources */,
			);
			buildRules = (
			);
			dependencies = (
			);
			name = GitTesting;
			productName = GitTesting;
			productReference = 3F2F0B9C29CEE0C400A7EAE1 /* GitTesting.app */;
			productType = "com.apple.product-type.application";
		};
		3F2F0BB429CEE0C600A7EAE1 /* GitTestingTests */ = {
			isa = PBXNativeTarget;
			buildConfigurationList = 3F2F0BCC29CEE0C600A7EAE1 /* Build configuration list for PBXNativeTarget "GitTestingTests" */;
			buildPhases = (
				3F2F0BB129CEE0C600A7EAE1 /* Sources */,
				3F2F0BB229CEE0C600A7EAE1 /* Frameworks */,
				3F2F0BB329CEE0C600A7EAE1 /* Resources */,
			);
			buildRules = (
			);
			dependencies = (
				3F2F0BB729CEE0C600A7EAE1 /* PBXTargetDependency */,
			);
			name = GitTestingTests;
			productName = GitTestingTests;
			productReference = 3F2F0BB529CEE0C600A7EAE1 /* GitTestingTests.xctest */;
			productType = "com.apple.product-type.bundle.unit-test";
		};
		3F2F0BBE29CEE0C600A7EAE1 /* GitTestingUITests */ = {
			isa = PBXNativeTarget;
			buildConfigurationList = 3F2F0BCF29CEE0C600A7EAE1 /* Build configuration list for PBXNativeTarget "GitTestingUITests" */;
			buildPhases = (
				3F2F0BBB29CEE0C600A7EAE1 /* Sources */,
				3F2F0BBC29CEE0C600A7EAE1 /* Frameworks */,
				3F2F0BBD29CEE0C600A7EAE1 /* Resources */,
			);
			buildRules = (
			);
			dependencies = (
				3F2F0BC129CEE0C600A7EAE1 /* PBXTargetDependency */,
			);
			name = GitTestingUITests;
			productName = GitTestingUITests;
			productReference = 3F2F0BBF29CEE0C600A7EAE1 /* GitTestingUITests.xctest */;
			productType = "com.apple.product-type.bundle.ui-testing";
		};
/* End PBXNativeTarget section */

/* Begin PBXProject section */
		3F2F0B9429CEE0C400A7EAE1 /* Project object */ = {
			isa = PBXProject;
			attributes = {
				BuildIndependentTargetsInParallel = 1;
				LastSwiftUpdateCheck = 1410;
				LastUpgradeCheck = 1410;
				TargetAttributes = {
					3F2F0B9B29CEE0C400A7EAE1 = {
						CreatedOnToolsVersion = 14.1;
					};
					3F2F0BB429CEE0C600A7EAE1 = {
						CreatedOnToolsVersion = 14.1;
						TestTargetID = 3F2F0B9B29CEE0C400A7EAE1;
					};
					3F2F0BBE29CEE0C600A7EAE1 = {
						CreatedOnToolsVersion = 14.1;
						TestTargetID = 3F2F0B9B29CEE0C400A7EAE1;
					};
				};
			};
			buildConfigurationList = 3F2F0B9729CEE0C400A7EAE1 /* Build configuration list for PBXProject "GitTesting" */;
			compatibilityVersion = "Xcode 14.0";
			developmentRegion = en;
			hasScannedForEncodings = 0;
			knownRegions = (
				en,
				Base,
			);
			mainGroup = 3F2F0B9329CEE0C400A7EAE1;
			productRefGroup = 3F2F0B9D29CEE0C400A7EAE1 /* Products */;
			projectDirPath = "";
			projectRoot = "";
			targets = (
				3F2F0B9B29CEE0C400A7EAE1 /* GitTesting */,
				3F2F0BB429CEE0C600A7EAE1 /* GitTestingTests */,
				3F2F0BBE29CEE0C600A7EAE1 /* GitTestingUITests */,
			);
		};
/* End PBXProject section */

/* Begin PBXResourcesBuildPhase section */
		3F2F0B9A29CEE0C400A7EAE1 /* Resources */ = {
			isa = PBXResourcesBuildPhase;
			buildActionMask = 2147483647;
			files = (
				3F2F0BAF29CEE0C600A7EAE1 /* LaunchScreen.storyboard in Resources */,
				3F2F0BAC29CEE0C600A7EAE1 /* Assets.xcassets in Resources */,
				3F2F0BA729CEE0C400A7EAE1 /* Main.storyboard in Resources */,
			);
			runOnlyForDeploymentPostprocessing = 0;
		};
		3F2F0BB329CEE0C600A7EAE1 /* Resources */ = {
			isa = PBXResourcesBuildPhase;
			buildActionMask = 2147483647;
			files = (
			);
			runOnlyForDeploymentPostprocessing = 0;
		};
		3F2F0BBD29CEE0C600A7EAE1 /* Resources */ = {
			isa = PBXResourcesBuildPhase;
			buildActionMask = 2147483647;
			files = (
			);
			runOnlyForDeploymentPostprocessing = 0;
		};
/* End PBXResourcesBuildPhase section */

/* Begin PBXSourcesBuildPhase section */
		3F2F0B9829CEE0C400A7EAE1 /* Sources */ = {
			isa = PBXSourcesBuildPhase;
			buildActionMask = 2147483647;
			files = (
				3F2F0BA429CEE0C400A7EAE1 /* ViewController.swift in Sources */,
				3F2F0BAA29CEE0C400A7EAE1 /* GitTesting.xcdatamodeld in Sources */,
				3F2F0BA029CEE0C400A7EAE1 /* AppDelegate.swift in Sources */,
				3F2F0BD329CEE4A000A7EAE1 /* FirstVC.swift in Sources */,
				3F2F0BA229CEE0C400A7EAE1 /* SceneDelegate.swift in Sources */,
			);
			runOnlyForDeploymentPostprocessing = 0;
		};
		3F2F0BB129CEE0C600A7EAE1 /* Sources */ = {
			isa = PBXSourcesBuildPhase;
			buildActionMask = 2147483647;
			files = (
				3F2F0BBA29CEE0C600A7EAE1 /* GitTestingTests.swift in Sources */,
			);
			runOnlyForDeploymentPostprocessing = 0;
		};
		3F2F0BBB29CEE0C600A7EAE1 /* Sources */ = {
			isa = PBXSourcesBuildPhase;
			buildActionMask = 2147483647;
			files = (
				3F2F0BC629CEE0C600A7EAE1 /* GitTestingUITestsLaunchTests.swift in Sources */,
				3F2F0BC429CEE0C600A7EAE1 /* GitTestingUITests.swift in Sources */,
			);
			runOnlyForDeploymentPostprocessing = 0;
		};
/* End PBXSourcesBuildPhase section */

/* Begin PBXTargetDependency section */
		3F2F0BB729CEE0C600A7EAE1 /* PBXTargetDependency */ = {
			isa = PBXTargetDependency;
			target = 3F2F0B9B29CEE0C400A7EAE1 /* GitTesting */;
			targetProxy = 3F2F0BB629CEE0C600A7EAE1 /* PBXContainerItemProxy */;
		};
		3F2F0BC129CEE0C600A7EAE1 /* PBXTargetDependency */ = {
			isa = PBXTargetDependency;
			target = 3F2F0B9B29CEE0C400A7EAE1 /* GitTesting */;
			targetProxy = 3F2F0BC029CEE0C600A7EAE1 /* PBXContainerItemProxy */;
		};
/* End PBXTargetDependency section */

/* Begin PBXVariantGroup section */
		3F2F0BA529CEE0C400A7EAE1 /* Main.storyboard */ = {
			isa = PBXVariantGroup;
			children = (
				3F2F0BA629CEE0C400A7EAE1 /* Base */,
			);
			name = Main.storyboard;
			sourceTree = "<group>";
		};
		3F2F0BAD29CEE0C600A7EAE1 /* LaunchScreen.storyboard */ = {
			isa = PBXVariantGroup;
			children = (
				3F2F0BAE29CEE0C600A7EAE1 /* Base */,
			);
			name = LaunchScreen.storyboard;
			sourceTree = "<group>";
		};
/* End PBXVariantGroup section */

/* Begin XCBuildConfiguration section */
		3F2F0BC729CEE0C600A7EAE1 /* Debug */ = {
			isa = XCBuildConfiguration;
			buildSettings = {
				ALWAYS_SEARCH_USER_PATHS = NO;
				CLANG_ANALYZER_NONNULL = YES;
				CLANG_ANALYZER_NUMBER_OBJECT_CONVERSION = YES_AGGRESSIVE;
				CLANG_CXX_LANGUAGE_STANDARD = "gnu++20";
				CLANG_ENABLE_MODULES = YES;
				CLANG_ENABLE_OBJC_ARC = YES;
				CLANG_ENABLE_OBJC_WEAK = YES;
				CLANG_WARN_BLOCK_CAPTURE_AUTORELEASING = YES;
				CLANG_WARN_BOOL_CONVERSION = YES;
				CLANG_WARN_COMMA = YES;
				CLANG_WARN_CONSTANT_CONVERSION = YES;
				CLANG_WARN_DEPRECATED_OBJC_IMPLEMENTATIONS = YES;
				CLANG_WARN_DIRECT_OBJC_ISA_USAGE = YES_ERROR;
				CLANG_WARN_DOCUMENTATION_COMMENTS = YES;
				CLANG_WARN_EMPTY_BODY = YES;
				CLANG_WARN_ENUM_CONVERSION = YES;
				CLANG_WARN_INFINITE_RECURSION = YES;
				CLANG_WARN_INT_CONVERSION = YES;
				CLANG_WARN_NON_LITERAL_NULL_CONVERSION = YES;
				CLANG_WARN_OBJC_IMPLICIT_RETAIN_SELF = YES;
				CLANG_WARN_OBJC_LITERAL_CONVERSION = YES;
				CLANG_WARN_OBJC_ROOT_CLASS = YES_ERROR;
				CLANG_WARN_QUOTED_INCLUDE_IN_FRAMEWORK_HEADER = YES;
				CLANG_WARN_RANGE_LOOP_ANALYSIS = YES;
				CLANG_WARN_STRICT_PROTOTYPES = YES;
				CLANG_WARN_SUSPICIOUS_MOVE = YES;
				CLANG_WARN_UNGUARDED_AVAILABILITY = YES_AGGRESSIVE;
				CLANG_WARN_UNREACHABLE_CODE = YES;
				CLANG_WARN__DUPLICATE_METHOD_MATCH = YES;
				COPY_PHASE_STRIP = NO;
				DEBUG_INFORMATION_FORMAT = dwarf;
				ENABLE_STRICT_OBJC_MSGSEND = YES;
				ENABLE_TESTABILITY = YES;
				GCC_C_LANGUAGE_STANDARD = gnu11;
				GCC_DYNAMIC_NO_PIC = NO;
				GCC_NO_COMMON_BLOCKS = YES;
				GCC_OPTIMIZATION_LEVEL = 0;
				GCC_PREPROCESSOR_DEFINITIONS = (
					"DEBUG=1",
					"$(inherited)",
				);
				GCC_WARN_64_TO_32_BIT_CONVERSION = YES;
				GCC_WARN_ABOUT_RETURN_TYPE = YES_ERROR;
				GCC_WARN_UNDECLARED_SELECTOR = YES;
				GCC_WARN_UNINITIALIZED_AUTOS = YES_AGGRESSIVE;
				GCC_WARN_UNUSED_FUNCTION = YES;
				GCC_WARN_UNUSED_VARIABLE = YES;
				IPHONEOS_DEPLOYMENT_TARGET = 16.1;
				MTL_ENABLE_DEBUG_INFO = INCLUDE_SOURCE;
				MTL_FAST_MATH = YES;
				ONLY_ACTIVE_ARCH = YES;
				SDKROOT = iphoneos;
				SWIFT_ACTIVE_COMPILATION_CONDITIONS = DEBUG;
				SWIFT_OPTIMIZATION_LEVEL = "-Onone";
			};
			name = Debug;
		};
		3F2F0BC829CEE0C600A7EAE1 /* Release */ = {
			isa = XCBuildConfiguration;
			buildSettings = {
				ALWAYS_SEARCH_USER_PATHS = NO;
				CLANG_ANALYZER_NONNULL = YES;
				CLANG_ANALYZER_NUMBER_OBJECT_CONVERSION = YES_AGGRESSIVE;
				CLANG_CXX_LANGUAGE_STANDARD = "gnu++20";
				CLANG_ENABLE_MODULES = YES;
				CLANG_ENABLE_OBJC_ARC = YES;
				CLANG_ENABLE_OBJC_WEAK = YES;
				CLANG_WARN_BLOCK_CAPTURE_AUTORELEASING = YES;
				CLANG_WARN_BOOL_CONVERSION = YES;
				CLANG_WARN_COMMA = YES;
				CLANG_WARN_CONSTANT_CONVERSION = YES;
				CLANG_WARN_DEPRECATED_OBJC_IMPLEMENTATIONS = YES;
				CLANG_WARN_DIRECT_OBJC_ISA_USAGE = YES_ERROR;
				CLANG_WARN_DOCUMENTATION_COMMENTS = YES;
				CLANG_WARN_EMPTY_BODY = YES;
				CLANG_WARN_ENUM_CONVERSION = YES;
				CLANG_WARN_INFINITE_RECURSION = YES;
				CLANG_WARN_INT_CONVERSION = YES;
				CLANG_WARN_NON_LITERAL_NULL_CONVERSION = YES;
				CLANG_WARN_OBJC_IMPLICIT_RETAIN_SELF = YES;
				CLANG_WARN_OBJC_LITERAL_CONVERSION = YES;
				CLANG_WARN_OBJC_ROOT_CLASS = YES_ERROR;
				CLANG_WARN_QUOTED_INCLUDE_IN_FRAMEWORK_HEADER = YES;
				CLANG_WARN_RANGE_LOOP_ANALYSIS = YES;
				CLANG_WARN_STRICT_PROTOTYPES = YES;
				CLANG_WARN_SUSPICIOUS_MOVE = YES;
				CLANG_WARN_UNGUARDED_AVAILABILITY = YES_AGGRESSIVE;
				CLANG_WARN_UNREACHABLE_CODE = YES;
				CLANG_WARN__DUPLICATE_METHOD_MATCH = YES;
				COPY_PHASE_STRIP = NO;
				DEBUG_INFORMATION_FORMAT = "dwarf-with-dsym";
				ENABLE_NS_ASSERTIONS = NO;
				ENABLE_STRICT_OBJC_MSGSEND = YES;
				GCC_C_LANGUAGE_STANDARD = gnu11;
				GCC_NO_COMMON_BLOCKS = YES;
				GCC_WARN_64_TO_32_BIT_CONVERSION = YES;
				GCC_WARN_ABOUT_RETURN_TYPE = YES_ERROR;
				GCC_WARN_UNDECLARED_SELECTOR = YES;
				GCC_WARN_UNINITIALIZED_AUTOS = YES_AGGRESSIVE;
				GCC_WARN_UNUSED_FUNCTION = YES;
				GCC_WARN_UNUSED_VARIABLE = YES;
				IPHONEOS_DEPLOYMENT_TARGET = 16.1;
				MTL_ENABLE_DEBUG_INFO = NO;
				MTL_FAST_MATH = YES;
				SDKROOT = iphoneos;
				SWIFT_COMPILATION_MODE = wholemodule;
				SWIFT_OPTIMIZATION_LEVEL = "-O";
				VALIDATE_PRODUCT = YES;
			};
			name = Release;
		};
		3F2F0BCA29CEE0C600A7EAE1 /* Debug */ = {
			isa = XCBuildConfiguration;
			buildSettings = {
				ASSETCATALOG_COMPILER_APPICON_NAME = AppIcon;
				ASSETCATALOG_COMPILER_GLOBAL_ACCENT_COLOR_NAME = AccentColor;
				CODE_SIGN_STYLE = Automatic;
				CURRENT_PROJECT_VERSION = 1;
				DEVELOPMENT_TEAM = ZN554T4853;
				GENERATE_INFOPLIST_FILE = YES;
				INFOPLIST_FILE = GitTesting/Info.plist;
				INFOPLIST_KEY_UIApplicationSupportsIndirectInputEvents = YES;
				INFOPLIST_KEY_UILaunchStoryboardName = LaunchScreen;
				INFOPLIST_KEY_UIMainStoryboardFile = Main;
				INFOPLIST_KEY_UISupportedInterfaceOrientations_iPad = "UIInterfaceOrientationPortrait UIInterfaceOrientationPortraitUpsideDown UIInterfaceOrientationLandscapeLeft UIInterfaceOrientationLandscapeRight";
				INFOPLIST_KEY_UISupportedInterfaceOrientations_iPhone = "UIInterfaceOrientationPortrait UIInterfaceOrientationLandscapeLeft UIInterfaceOrientationLandscapeRight";
				LD_RUNPATH_SEARCH_PATHS = (
					"$(inherited)",
					"@executable_path/Frameworks",
				);
				MARKETING_VERSION = 1.0;
				PRODUCT_BUNDLE_IDENTIFIER = com.vBus.Friends.GitTesting;
				PRODUCT_NAME = "$(TARGET_NAME)";
				SWIFT_EMIT_LOC_STRINGS = YES;
				SWIFT_VERSION = 5.0;
				TARGETED_DEVICE_FAMILY = "1,2";
			};
			name = Debug;
		};
		3F2F0BCB29CEE0C600A7EAE1 /* Release */ = {
			isa = XCBuildConfiguration;
			buildSettings = {
				ASSETCATALOG_COMPILER_APPICON_NAME = AppIcon;
				ASSETCATALOG_COMPILER_GLOBAL_ACCENT_COLOR_NAME = AccentColor;
				CODE_SIGN_STYLE = Automatic;
				CURRENT_PROJECT_VERSION = 1;
				DEVELOPMENT_TEAM = ZN554T4853;
				GENERATE_INFOPLIST_FILE = YES;
				INFOPLIST_FILE = GitTesting/Info.plist;
				INFOPLIST_KEY_UIApplicationSupportsIndirectInputEvents = YES;
				INFOPLIST_KEY_UILaunchStoryboardName = LaunchScreen;
				INFOPLIST_KEY_UIMainStoryboardFile = Main;
				INFOPLIST_KEY_UISupportedInterfaceOrientations_iPad = "UIInterfaceOrientationPortrait UIInterfaceOrientationPortraitUpsideDown UIInterfaceOrientationLandscapeLeft UIInterfaceOrientationLandscapeRight";
				INFOPLIST_KEY_UISupportedInterfaceOrientations_iPhone = "UIInterfaceOrientationPortrait UIInterfaceOrientationLandscapeLeft UIInterfaceOrientationLandscapeRight";
				LD_RUNPATH_SEARCH_PATHS = (
					"$(inherited)",
					"@executable_path/Frameworks",
				);
				MARKETING_VERSION = 1.0;
				PRODUCT_BUNDLE_IDENTIFIER = com.vBus.Friends.GitTesting;
				PRODUCT_NAME = "$(TARGET_NAME)";
				SWIFT_EMIT_LOC_STRINGS = YES;
				SWIFT_VERSION = 5.0;
				TARGETED_DEVICE_FAMILY = "1,2";
			};
			name = Release;
		};
		3F2F0BCD29CEE0C600A7EAE1 /* Debug */ = {
			isa = XCBuildConfiguration;
			buildSettings = {
				ALWAYS_EMBED_SWIFT_STANDARD_LIBRARIES = YES;
				BUNDLE_LOADER = "$(TEST_HOST)";
				CODE_SIGN_STYLE = Automatic;
				CURRENT_PROJECT_VERSION = 1;
				DEVELOPMENT_TEAM = ZN554T4853;
				GENERATE_INFOPLIST_FILE = YES;
				IPHONEOS_DEPLOYMENT_TARGET = 16.1;
				MARKETING_VERSION = 1.0;
				PRODUCT_BUNDLE_IDENTIFIER = com.vBus.Friends.GitTestingTests;
				PRODUCT_NAME = "$(TARGET_NAME)";
				SWIFT_EMIT_LOC_STRINGS = NO;
				SWIFT_VERSION = 5.0;
				TARGETED_DEVICE_FAMILY = "1,2";
				TEST_HOST = "$(BUILT_PRODUCTS_DIR)/GitTesting.app/$(BUNDLE_EXECUTABLE_FOLDER_PATH)/GitTesting";
			};
			name = Debug;
		};
		3F2F0BCE29CEE0C600A7EAE1 /* Release */ = {
			isa = XCBuildConfiguration;
			buildSettings = {
				ALWAYS_EMBED_SWIFT_STANDARD_LIBRARIES = YES;
				BUNDLE_LOADER = "$(TEST_HOST)";
				CODE_SIGN_STYLE = Automatic;
				CURRENT_PROJECT_VERSION = 1;
				DEVELOPMENT_TEAM = ZN554T4853;
				GENERATE_INFOPLIST_FILE = YES;
				IPHONEOS_DEPLOYMENT_TARGET = 16.1;
				MARKETING_VERSION = 1.0;
				PRODUCT_BUNDLE_IDENTIFIER = com.vBus.Friends.GitTestingTests;
				PRODUCT_NAME = "$(TARGET_NAME)";
				SWIFT_EMIT_LOC_STRINGS = NO;
				SWIFT_VERSION = 5.0;
				TARGETED_DEVICE_FAMILY = "1,2";
				TEST_HOST = "$(BUILT_PRODUCTS_DIR)/GitTesting.app/$(BUNDLE_EXECUTABLE_FOLDER_PATH)/GitTesting";
			};
			name = Release;
		};
		3F2F0BD029CEE0C600A7EAE1 /* Debug */ = {
			isa = XCBuildConfiguration;
			buildSettings = {
				ALWAYS_EMBED_SWIFT_STANDARD_LIBRARIES = YES;
				CODE_SIGN_STYLE = Automatic;
				CURRENT_PROJECT_VERSION = 1;
				DEVELOPMENT_TEAM = ZN554T4853;
				GENERATE_INFOPLIST_FILE = YES;
				MARKETING_VERSION = 1.0;
				PRODUCT_BUNDLE_IDENTIFIER = com.vBus.Friends.GitTestingUITests;
				PRODUCT_NAME = "$(TARGET_NAME)";
				SWIFT_EMIT_LOC_STRINGS = NO;
				SWIFT_VERSION = 5.0;
				TARGETED_DEVICE_FAMILY = "1,2";
				TEST_TARGET_NAME = GitTesting;
			};
			name = Debug;
		};
		3F2F0BD129CEE0C600A7EAE1 /* Release */ = {
			isa = XCBuildConfiguration;
			buildSettings = {
				ALWAYS_EMBED_SWIFT_STANDARD_LIBRARIES = YES;
				CODE_SIGN_STYLE = Automatic;
				CURRENT_PROJECT_VERSION = 1;
				DEVELOPMENT_TEAM = ZN554T4853;
				GENERATE_INFOPLIST_FILE = YES;
				MARKETING_VERSION = 1.0;
				PRODUCT_BUNDLE_IDENTIFIER = com.vBus.Friends.GitTestingUITests;
				PRODUCT_NAME = "$(TARGET_NAME)";
				SWIFT_EMIT_LOC_STRINGS = NO;
				SWIFT_VERSION = 5.0;
				TARGETED_DEVICE_FAMILY = "1,2";
				TEST_TARGET_NAME = GitTesting;
			};
			name = Release;
		};
/* End XCBuildConfiguration section */

/* Begin XCConfigurationList section */
		3F2F0B9729CEE0C400A7EAE1 /* Build configuration list for PBXProject "GitTesting" */ = {
			isa = XCConfigurationList;
			buildConfigurations = (
				3F2F0BC729CEE0C600A7EAE1 /* Debug */,
				3F2F0BC829CEE0C600A7EAE1 /* Release */,
			);
			defaultConfigurationIsVisible = 0;
			defaultConfigurationName = Release;
		};
		3F2F0BC929CEE0C600A7EAE1 /* Build configuration list for PBXNativeTarget "GitTesting" */ = {
			isa = XCConfigurationList;
			buildConfigurations = (
				3F2F0BCA29CEE0C600A7EAE1 /* Debug */,
				3F2F0BCB29CEE0C600A7EAE1 /* Release */,
			);
			defaultConfigurationIsVisible = 0;
			defaultConfigurationName = Release;
		};
		3F2F0BCC29CEE0C600A7EAE1 /* Build configuration list for PBXNativeTarget "GitTestingTests" */ = {
			isa = XCConfigurationList;
			buildConfigurations = (
				3F2F0BCD29CEE0C600A7EAE1 /* Debug */,
				3F2F0BCE29CEE0C600A7EAE1 /* Release */,
			);
			defaultConfigurationIsVisible = 0;
			defaultConfigurationName = Release;
		};
		3F2F0BCF29CEE0C600A7EAE1 /* Build configuration list for PBXNativeTarget "GitTestingUITests" */ = {
			isa = XCConfigurationList;
			buildConfigurations = (
				3F2F0BD029CEE0C600A7EAE1 /* Debug */,
				3F2F0BD129CEE0C600A7EAE1 /* Release */,
			);
			defaultConfigurationIsVisible = 0;
			defaultConfigurationName = Release;
		};
/* End XCConfigurationList section */

/* Begin XCVersionGroup section */
		3F2F0BA829CEE0C400A7EAE1 /* GitTesting.xcdatamodeld */ = {
			isa = XCVersionGroup;
			children = (
				3F2F0BA929CEE0C400A7EAE1 /* GitTesting.xcdatamodel */,
			);
			currentVersion = 3F2F0BA929CEE0C400A7EAE1 /* GitTesting.xcdatamodel */;
			path = GitTesting.xcdatamodeld;
			sourceTree = "<group>";
			versionGroupType = wrapper.xcdatamodel;
		};
/* End XCVersionGroup section */
	};
	rootObject = 3F2F0B9429CEE0C400A7EAE1 /* Project object */;
}
